
Microsoft Visual Studio Solution File, Format Version 12.00
# Visual Studio Version 16
VisualStudioVersion = 16.0.34902.97
MinimumVisualStudioVersion = 10.0.40219.1
Project("{FAE04EC0-301F-11D3-BF4B-00C04F79EFBC}") = "AsynCAWait_WinFormExample", "AsynCAWait_WinFormExample\AsynCAWait_WinFormExample.csproj", "{5D4C4EB3-D5D1-41CA-8B03-B8BC8BB74963}"
EndProject
Global
	GlobalSection(SolutionConfigurationPlatforms) = preSolution
		Debug|Any CPU = Debug|Any CPU
		Release|Any CPU = Release|Any CPU
	EndGlobalSection
	GlobalSection(ProjectConfigurationPlatforms) = postSolution
		{5D4C4EB3-D5D1-41CA-8B03-B8BC8BB74963}.Debug|Any CPU.ActiveCfg = Debug|Any CPU
		{5D4C4EB3-D5D1-41CA-8B03-B8BC8BB74963}.Debug|Any CPU.Build.0 = Debug|Any CPU
		{5D4C4EB3-D5D1-41CA-8B03-B8BC8BB74963}.Release|Any CPU.ActiveCfg = Release|Any CPU
		{5D4C4EB3-D5D1-41CA-8B03-B8BC8BB74963}.Release|Any CPU.Build.0 = Release|Any CPU
	EndGlobalSection
	GlobalSection(SolutionProperties) = preSolution
		HideSolutionNode = FALSE
	EndGlobalSection
	GlobalSection(ExtensibilityGlobals) = postSolution
		SolutionGuid = {5F4A7857-B087-423E-8A19-C13715F15993}
	EndGlobalSection
EndGlobal
