
Microsoft Visual Studio Solution File, Format Version 11.00
# Visual Studio 2010
Project("{FAE04EC0-301F-11D3-BF4B-00C04F79EFBC}") = "StringPractice", "StringPractice\StringPractice.csproj", "{C655A1CE-2CEE-4C10-9D0D-22AC4756A2CF}"
EndProject
Global
	GlobalSection(SolutionConfigurationPlatforms) = preSolution
		Debug|x86 = Debug|x86
		Release|x86 = Release|x86
	EndGlobalSection
	GlobalSection(ProjectConfigurationPlatforms) = postSolution
		{C655A1CE-2CEE-4C10-9D0D-22AC4756A2CF}.Debug|x86.ActiveCfg = Debug|x86
		{C655A1CE-2CEE-4C10-9D0D-22AC4756A2CF}.Debug|x86.Build.0 = Debug|x86
		{C655A1CE-2CEE-4C10-9D0D-22AC4756A2CF}.Release|x86.ActiveCfg = Release|x86
		{C655A1CE-2CEE-4C10-9D0D-22AC4756A2CF}.Release|x86.Build.0 = Release|x86
	EndGlobalSection
	GlobalSection(SolutionProperties) = preSolution
		HideSolutionNode = FALSE
	EndGlobalSection
EndGlobal
