
Microsoft Visual Studio Solution File, Format Version 12.00
# Visual Studio Version 16
VisualStudioVersion = 16.0.28803.452
MinimumVisualStudioVersion = 10.0.40219.1
Project("{FAE04EC0-301F-11D3-BF4B-00C04F79EFBC}") = "EvenetHandlingExample", "EvenetHandlingExample\EvenetHandlingExample.csproj", "{FA27D8EF-08F0-4D6A-BEBB-4D792D4C7AFF}"
EndProject
Global
	GlobalSection(SolutionConfigurationPlatforms) = preSolution
		Debug|Any CPU = Debug|Any CPU
		Release|Any CPU = Release|Any CPU
	EndGlobalSection
	GlobalSection(ProjectConfigurationPlatforms) = postSolution
		{FA27D8EF-08F0-4D6A-BEBB-4D792D4C7AFF}.Debug|Any CPU.ActiveCfg = Debug|Any CPU
		{FA27D8EF-08F0-4D6A-BEBB-4D792D4C7AFF}.Debug|Any CPU.Build.0 = Debug|Any CPU
		{FA27D8EF-08F0-4D6A-BEBB-4D792D4C7AFF}.Release|Any CPU.ActiveCfg = Release|Any CPU
		{FA27D8EF-08F0-4D6A-BEBB-4D792D4C7AFF}.Release|Any CPU.Build.0 = Release|Any CPU
	EndGlobalSection
	GlobalSection(SolutionProperties) = preSolution
		HideSolutionNode = FALSE
	EndGlobalSection
	GlobalSection(ExtensibilityGlobals) = postSolution
		SolutionGuid = {8851B28A-7165-47EE-934A-2B0D6645F38A}
	EndGlobalSection
EndGlobal
