
Microsoft Visual Studio Solution File, Format Version 12.00
# Visual Studio Version 16
VisualStudioVersion = 16.0.34902.97
MinimumVisualStudioVersion = 10.0.40219.1
Project("{FAE04EC0-301F-11D3-BF4B-00C04F79EFBC}") = "MultiThreadWindowForm", "MultiThreadWindowForm\MultiThreadWindowForm.csproj", "{8F59DE77-C7A3-4EA8-AFE3-CC75EF1E27AA}"
EndProject
Global
	GlobalSection(SolutionConfigurationPlatforms) = preSolution
		Debug|Any CPU = Debug|Any CPU
		Release|Any CPU = Release|Any CPU
	EndGlobalSection
	GlobalSection(ProjectConfigurationPlatforms) = postSolution
		{8F59DE77-C7A3-4EA8-AFE3-CC75EF1E27AA}.Debug|Any CPU.ActiveCfg = Debug|Any CPU
		{8F59DE77-C7A3-4EA8-AFE3-CC75EF1E27AA}.Debug|Any CPU.Build.0 = Debug|Any CPU
		{8F59DE77-C7A3-4EA8-AFE3-CC75EF1E27AA}.Release|Any CPU.ActiveCfg = Release|Any CPU
		{8F59DE77-C7A3-4EA8-AFE3-CC75EF1E27AA}.Release|Any CPU.Build.0 = Release|Any CPU
	EndGlobalSection
	GlobalSection(SolutionProperties) = preSolution
		HideSolutionNode = FALSE
	EndGlobalSection
	GlobalSection(ExtensibilityGlobals) = postSolution
		SolutionGuid = {C7BE53B7-0484-4974-8B87-307E07C0EFE2}
	EndGlobalSection
EndGlobal
