
Microsoft Visual Studio Solution File, Format Version 12.00
# Visual Studio Version 16
VisualStudioVersion = 16.0.28803.452
MinimumVisualStudioVersion = 10.0.40219.1
Project("{FAE04EC0-301F-11D3-BF4B-00C04F79EFBC}") = "RationalNumber", "RationalNumber\RationalNumber.csproj", "{972AFEDB-8916-41CC-8CBB-E1B9405B8304}"
EndProject
Global
	GlobalSection(SolutionConfigurationPlatforms) = preSolution
		Debug|Any CPU = Debug|Any CPU
		Release|Any CPU = Release|Any CPU
	EndGlobalSection
	GlobalSection(ProjectConfigurationPlatforms) = postSolution
		{972AFEDB-8916-41CC-8CBB-E1B9405B8304}.Debug|Any CPU.ActiveCfg = Debug|Any CPU
		{972AFEDB-8916-41CC-8CBB-E1B9405B8304}.Debug|Any CPU.Build.0 = Debug|Any CPU
		{972AFEDB-8916-41CC-8CBB-E1B9405B8304}.Release|Any CPU.ActiveCfg = Release|Any CPU
		{972AFEDB-8916-41CC-8CBB-E1B9405B8304}.Release|Any CPU.Build.0 = Release|Any CPU
	EndGlobalSection
	GlobalSection(SolutionProperties) = preSolution
		HideSolutionNode = FALSE
	EndGlobalSection
	GlobalSection(ExtensibilityGlobals) = postSolution
		SolutionGuid = {10B5292C-FDCF-4572-9116-F9CB092E6EC6}
	EndGlobalSection
EndGlobal
